
Microsoft Visual Studio Solution File, Format Version 12.00
# Visual Studio 15
VisualStudioVersion = 15.0.28307.1831
MinimumVisualStudioVersion = 10.0.40219.1
Project("{FAE04EC0-301F-11D3-BF4B-00C04F79EFBC}") = "TriangleArea", "TriangleArea\TriangleArea.csproj", "{68E10779-EE98-417B-9754-5F58CCBABFD2}"
EndProject
Project("{FAE04EC0-301F-11D3-BF4B-00C04F79EFBC}") = "Bricks", "Bricks\Bricks.csproj", "{87E0298B-F98A-48D2-A911-D240A2E80387}"
EndProject
Project("{FAE04EC0-301F-11D3-BF4B-00C04F79EFBC}") = "PointOnSegment", "PointOnSegment\PointOnSegment.csproj", "{5A518DCD-208A-424B-8ECF-2A2B3349D9D3}"
EndProject
Project("{FAE04EC0-301F-11D3-BF4B-00C04F79EFBC}") = "PointInFigure", "PointInFigure\PointInFigure.csproj", "{C784198E-8F32-460E-BFF3-C55E9A63B071}"
EndProject
Project("{FAE04EC0-301F-11D3-BF4B-00C04F79EFBC}") = "DateAfterFiveDays", "DateAfterFiveDays\DateAfterFiveDays.csproj", "{38905A5D-90FB-4741-8642-6FA66A5C8272}"
EndProject
Project("{FAE04EC0-301F-11D3-BF4B-00C04F79EFBC}") = "SumsThreeNumbers", "SumsThreeNumbers\SumsThreeNumbers.csproj", "{0344BE96-B563-4457-ADC1-7C98F041CB57}"
EndProject
Project("{FAE04EC0-301F-11D3-BF4B-00C04F79EFBC}") = "SumsStepThree", "SumsStepThree\SumsStepThree.csproj", "{508D0C64-1946-4467-8AF5-235AFD8FEE45}"
EndProject
Project("{FAE04EC0-301F-11D3-BF4B-00C04F79EFBC}") = "IncreasingElements", "IncreasingElements\IncreasingElements.csproj", "{071B421E-8172-40FC-9980-92372A311CF8}"
EndProject
Project("{FAE04EC0-301F-11D3-BF4B-00C04F79EFBC}") = "PerfectDiamond", "PerfectDiamond\PerfectDiamond.csproj", "{5FEAE2FA-7D26-4A5E-A7DB-FB277B946AE5}"
EndProject
Project("{FAE04EC0-301F-11D3-BF4B-00C04F79EFBC}") = "RectangleWithStars", "RectangleWithStars\RectangleWithStars.csproj", "{AF7138F4-21FC-4EDF-9A9A-A1152C7C9DD9}"
EndProject
Project("{FAE04EC0-301F-11D3-BF4B-00C04F79EFBC}") = "IncreasingFourNumbers", "IncreasingFourNumbers\IncreasingFourNumbers.csproj", "{A43EF1AE-5349-4A19-9602-4ECC43800C06}"
EndProject
Project("{FAE04EC0-301F-11D3-BF4B-00C04F79EFBC}") = "GenerateRectangles", "GenerateRectangles\GenerateRectangles.csproj", "{B0641953-2925-45EF-AA3B-A52B6531B00D}"
EndProject
Global
	GlobalSection(SolutionConfigurationPlatforms) = preSolution
		Debug|Any CPU = Debug|Any CPU
		Release|Any CPU = Release|Any CPU
	EndGlobalSection
	GlobalSection(ProjectConfigurationPlatforms) = postSolution
		{68E10779-EE98-417B-9754-5F58CCBABFD2}.Debug|Any CPU.ActiveCfg = Debug|Any CPU
		{68E10779-EE98-417B-9754-5F58CCBABFD2}.Debug|Any CPU.Build.0 = Debug|Any CPU
		{68E10779-EE98-417B-9754-5F58CCBABFD2}.Release|Any CPU.ActiveCfg = Release|Any CPU
		{68E10779-EE98-417B-9754-5F58CCBABFD2}.Release|Any CPU.Build.0 = Release|Any CPU
		{87E0298B-F98A-48D2-A911-D240A2E80387}.Debug|Any CPU.ActiveCfg = Debug|Any CPU
		{87E0298B-F98A-48D2-A911-D240A2E80387}.Debug|Any CPU.Build.0 = Debug|Any CPU
		{87E0298B-F98A-48D2-A911-D240A2E80387}.Release|Any CPU.ActiveCfg = Release|Any CPU
		{87E0298B-F98A-48D2-A911-D240A2E80387}.Release|Any CPU.Build.0 = Release|Any CPU
		{5A518DCD-208A-424B-8ECF-2A2B3349D9D3}.Debug|Any CPU.ActiveCfg = Debug|Any CPU
		{5A518DCD-208A-424B-8ECF-2A2B3349D9D3}.Debug|Any CPU.Build.0 = Debug|Any CPU
		{5A518DCD-208A-424B-8ECF-2A2B3349D9D3}.Release|Any CPU.ActiveCfg = Release|Any CPU
		{5A518DCD-208A-424B-8ECF-2A2B3349D9D3}.Release|Any CPU.Build.0 = Release|Any CPU
		{C784198E-8F32-460E-BFF3-C55E9A63B071}.Debug|Any CPU.ActiveCfg = Debug|Any CPU
		{C784198E-8F32-460E-BFF3-C55E9A63B071}.Debug|Any CPU.Build.0 = Debug|Any CPU
		{C784198E-8F32-460E-BFF3-C55E9A63B071}.Release|Any CPU.ActiveCfg = Release|Any CPU
		{C784198E-8F32-460E-BFF3-C55E9A63B071}.Release|Any CPU.Build.0 = Release|Any CPU
		{38905A5D-90FB-4741-8642-6FA66A5C8272}.Debug|Any CPU.ActiveCfg = Debug|Any CPU
		{38905A5D-90FB-4741-8642-6FA66A5C8272}.Debug|Any CPU.Build.0 = Debug|Any CPU
		{38905A5D-90FB-4741-8642-6FA66A5C8272}.Release|Any CPU.ActiveCfg = Release|Any CPU
		{38905A5D-90FB-4741-8642-6FA66A5C8272}.Release|Any CPU.Build.0 = Release|Any CPU
		{0344BE96-B563-4457-ADC1-7C98F041CB57}.Debug|Any CPU.ActiveCfg = Debug|Any CPU
		{0344BE96-B563-4457-ADC1-7C98F041CB57}.Debug|Any CPU.Build.0 = Debug|Any CPU
		{0344BE96-B563-4457-ADC1-7C98F041CB57}.Release|Any CPU.ActiveCfg = Release|Any CPU
		{0344BE96-B563-4457-ADC1-7C98F041CB57}.Release|Any CPU.Build.0 = Release|Any CPU
		{508D0C64-1946-4467-8AF5-235AFD8FEE45}.Debug|Any CPU.ActiveCfg = Debug|Any CPU
		{508D0C64-1946-4467-8AF5-235AFD8FEE45}.Debug|Any CPU.Build.0 = Debug|Any CPU
		{508D0C64-1946-4467-8AF5-235AFD8FEE45}.Release|Any CPU.ActiveCfg = Release|Any CPU
		{508D0C64-1946-4467-8AF5-235AFD8FEE45}.Release|Any CPU.Build.0 = Release|Any CPU
		{071B421E-8172-40FC-9980-92372A311CF8}.Debug|Any CPU.ActiveCfg = Debug|Any CPU
		{071B421E-8172-40FC-9980-92372A311CF8}.Debug|Any CPU.Build.0 = Debug|Any CPU
		{071B421E-8172-40FC-9980-92372A311CF8}.Release|Any CPU.ActiveCfg = Release|Any CPU
		{071B421E-8172-40FC-9980-92372A311CF8}.Release|Any CPU.Build.0 = Release|Any CPU
		{5FEAE2FA-7D26-4A5E-A7DB-FB277B946AE5}.Debug|Any CPU.ActiveCfg = Debug|Any CPU
		{5FEAE2FA-7D26-4A5E-A7DB-FB277B946AE5}.Debug|Any CPU.Build.0 = Debug|Any CPU
		{5FEAE2FA-7D26-4A5E-A7DB-FB277B946AE5}.Release|Any CPU.ActiveCfg = Release|Any CPU
		{5FEAE2FA-7D26-4A5E-A7DB-FB277B946AE5}.Release|Any CPU.Build.0 = Release|Any CPU
		{AF7138F4-21FC-4EDF-9A9A-A1152C7C9DD9}.Debug|Any CPU.ActiveCfg = Debug|Any CPU
		{AF7138F4-21FC-4EDF-9A9A-A1152C7C9DD9}.Debug|Any CPU.Build.0 = Debug|Any CPU
		{AF7138F4-21FC-4EDF-9A9A-A1152C7C9DD9}.Release|Any CPU.ActiveCfg = Release|Any CPU
		{AF7138F4-21FC-4EDF-9A9A-A1152C7C9DD9}.Release|Any CPU.Build.0 = Release|Any CPU
		{A43EF1AE-5349-4A19-9602-4ECC43800C06}.Debug|Any CPU.ActiveCfg = Debug|Any CPU
		{A43EF1AE-5349-4A19-9602-4ECC43800C06}.Debug|Any CPU.Build.0 = Debug|Any CPU
		{A43EF1AE-5349-4A19-9602-4ECC43800C06}.Release|Any CPU.ActiveCfg = Release|Any CPU
		{A43EF1AE-5349-4A19-9602-4ECC43800C06}.Release|Any CPU.Build.0 = Release|Any CPU
		{B0641953-2925-45EF-AA3B-A52B6531B00D}.Debug|Any CPU.ActiveCfg = Debug|Any CPU
		{B0641953-2925-45EF-AA3B-A52B6531B00D}.Debug|Any CPU.Build.0 = Debug|Any CPU
		{B0641953-2925-45EF-AA3B-A52B6531B00D}.Release|Any CPU.ActiveCfg = Release|Any CPU
		{B0641953-2925-45EF-AA3B-A52B6531B00D}.Release|Any CPU.Build.0 = Release|Any CPU
	EndGlobalSection
	GlobalSection(SolutionProperties) = preSolution
		HideSolutionNode = FALSE
	EndGlobalSection
	GlobalSection(ExtensibilityGlobals) = postSolution
		SolutionGuid = {8454D657-29E7-4C48-BB82-A49F2B6B97E0}
	EndGlobalSection
EndGlobal
