
Microsoft Visual Studio Solution File, Format Version 12.00
# Visual Studio 15
VisualStudioVersion = 15.0.28307.1831
MinimumVisualStudioVersion = 10.0.40219.1
Project("{FAE04EC0-301F-11D3-BF4B-00C04F79EFBC}") = "OnTimeForTheExam", "OnTimeForTheExam\OnTimeForTheExam.csproj", "{169933D3-BB2F-46C3-89A9-C7C712615D68}"
EndProject
Project("{FAE04EC0-301F-11D3-BF4B-00C04F79EFBC}") = "Trip", "Trip\Trip.csproj", "{55CE78A6-E34F-4935-B8DB-E7AD10774265}"
EndProject
Project("{FAE04EC0-301F-11D3-BF4B-00C04F79EFBC}") = "Operations", "Operations\Operations.csproj", "{35B4C1E7-5707-4185-8782-C0DB90EA99B1}"
EndProject
Project("{FAE04EC0-301F-11D3-BF4B-00C04F79EFBC}") = "MatchTickets", "MatchTickets\MatchTickets.csproj", "{9380A3BD-2D07-4F8B-9601-0F4E339C0CEF}"
EndProject
Project("{FAE04EC0-301F-11D3-BF4B-00C04F79EFBC}") = "HotelRoom", "HotelRoom\HotelRoom.csproj", "{A3461A08-C0B9-453A-9E28-682C7D516B1E}"
EndProject
Global
	GlobalSection(SolutionConfigurationPlatforms) = preSolution
		Debug|Any CPU = Debug|Any CPU
		Release|Any CPU = Release|Any CPU
	EndGlobalSection
	GlobalSection(ProjectConfigurationPlatforms) = postSolution
		{169933D3-BB2F-46C3-89A9-C7C712615D68}.Debug|Any CPU.ActiveCfg = Debug|Any CPU
		{169933D3-BB2F-46C3-89A9-C7C712615D68}.Debug|Any CPU.Build.0 = Debug|Any CPU
		{169933D3-BB2F-46C3-89A9-C7C712615D68}.Release|Any CPU.ActiveCfg = Release|Any CPU
		{169933D3-BB2F-46C3-89A9-C7C712615D68}.Release|Any CPU.Build.0 = Release|Any CPU
		{55CE78A6-E34F-4935-B8DB-E7AD10774265}.Debug|Any CPU.ActiveCfg = Debug|Any CPU
		{55CE78A6-E34F-4935-B8DB-E7AD10774265}.Debug|Any CPU.Build.0 = Debug|Any CPU
		{55CE78A6-E34F-4935-B8DB-E7AD10774265}.Release|Any CPU.ActiveCfg = Release|Any CPU
		{55CE78A6-E34F-4935-B8DB-E7AD10774265}.Release|Any CPU.Build.0 = Release|Any CPU
		{35B4C1E7-5707-4185-8782-C0DB90EA99B1}.Debug|Any CPU.ActiveCfg = Debug|Any CPU
		{35B4C1E7-5707-4185-8782-C0DB90EA99B1}.Debug|Any CPU.Build.0 = Debug|Any CPU
		{35B4C1E7-5707-4185-8782-C0DB90EA99B1}.Release|Any CPU.ActiveCfg = Release|Any CPU
		{35B4C1E7-5707-4185-8782-C0DB90EA99B1}.Release|Any CPU.Build.0 = Release|Any CPU
		{9380A3BD-2D07-4F8B-9601-0F4E339C0CEF}.Debug|Any CPU.ActiveCfg = Debug|Any CPU
		{9380A3BD-2D07-4F8B-9601-0F4E339C0CEF}.Debug|Any CPU.Build.0 = Debug|Any CPU
		{9380A3BD-2D07-4F8B-9601-0F4E339C0CEF}.Release|Any CPU.ActiveCfg = Release|Any CPU
		{9380A3BD-2D07-4F8B-9601-0F4E339C0CEF}.Release|Any CPU.Build.0 = Release|Any CPU
		{A3461A08-C0B9-453A-9E28-682C7D516B1E}.Debug|Any CPU.ActiveCfg = Debug|Any CPU
		{A3461A08-C0B9-453A-9E28-682C7D516B1E}.Debug|Any CPU.Build.0 = Debug|Any CPU
		{A3461A08-C0B9-453A-9E28-682C7D516B1E}.Release|Any CPU.ActiveCfg = Release|Any CPU
		{A3461A08-C0B9-453A-9E28-682C7D516B1E}.Release|Any CPU.Build.0 = Release|Any CPU
	EndGlobalSection
	GlobalSection(SolutionProperties) = preSolution
		HideSolutionNode = FALSE
	EndGlobalSection
	GlobalSection(ExtensibilityGlobals) = postSolution
		SolutionGuid = {0105DC50-7333-420D-B9FB-5E40837F4838}
	EndGlobalSection
EndGlobal
